
Microsoft Visual Studio Solution File, Format Version 12.00
# Visual Studio Version 17
VisualStudioVersion = 17.6.33723.286
MinimumVisualStudioVersion = 10.0.40219.1
Project("{FAE04EC0-301F-11D3-BF4B-00C04F79EFBC}") = "DapperService", "DapperService\DapperService.csproj", "{946C1289-0CED-454E-8F8D-1A5EFF508D43}"
EndProject
Global
	GlobalSection(SolutionConfigurationPlatforms) = preSolution
		Debug|Any CPU = Debug|Any CPU
		Release|Any CPU = Release|Any CPU
	EndGlobalSection
	GlobalSection(ProjectConfigurationPlatforms) = postSolution
		{946C1289-0CED-454E-8F8D-1A5EFF508D43}.Debug|Any CPU.ActiveCfg = Debug|Any CPU
		{946C1289-0CED-454E-8F8D-1A5EFF508D43}.Debug|Any CPU.Build.0 = Debug|Any CPU
		{946C1289-0CED-454E-8F8D-1A5EFF508D43}.Release|Any CPU.ActiveCfg = Release|Any CPU
		{946C1289-0CED-454E-8F8D-1A5EFF508D43}.Release|Any CPU.Build.0 = Release|Any CPU
	EndGlobalSection
	GlobalSection(SolutionProperties) = preSolution
		HideSolutionNode = FALSE
	EndGlobalSection
	GlobalSection(ExtensibilityGlobals) = postSolution
		SolutionGuid = {ACB9C6E3-8F2F-4F4F-94AC-A76540F77450}
	EndGlobalSection
EndGlobal
